
Microsoft Visual Studio Solution File, Format Version 12.00
# Visual Studio 2012
Project("{FAE04EC0-301F-11D3-BF4B-00C04F79EFBC}") = "XamarinSideBar.Core", "XamarinSideBar.Core\XamarinSideBar.Core.csproj", "{57243264-8548-49E3-A30A-0F906DC3F2F4}"
EndProject
Project("{FAE04EC0-301F-11D3-BF4B-00C04F79EFBC}") = "XamarinSideBar.iOS", "XamarinSideBar.iOS\XamarinSideBar.iOS.csproj", "{0D7F561E-E8FC-4478-9C8A-0890346B973F}"
EndProject
Global
	GlobalSection(SolutionConfigurationPlatforms) = preSolution
		Debug|Any CPU = Debug|Any CPU
		Release|Any CPU = Release|Any CPU
		Debug|iPhoneSimulator = Debug|iPhoneSimulator
		Release|iPhone = Release|iPhone
		Release|iPhoneSimulator = Release|iPhoneSimulator
		Debug|iPhone = Debug|iPhone
	EndGlobalSection
	GlobalSection(ProjectConfigurationPlatforms) = postSolution
		{57243264-8548-49E3-A30A-0F906DC3F2F4}.Debug|Any CPU.ActiveCfg = Debug|Any CPU
		{57243264-8548-49E3-A30A-0F906DC3F2F4}.Debug|Any CPU.Build.0 = Debug|Any CPU
		{57243264-8548-49E3-A30A-0F906DC3F2F4}.Release|Any CPU.ActiveCfg = Release|Any CPU
		{57243264-8548-49E3-A30A-0F906DC3F2F4}.Release|Any CPU.Build.0 = Release|Any CPU
		{57243264-8548-49E3-A30A-0F906DC3F2F4}.Debug|iPhoneSimulator.ActiveCfg = Debug|Any CPU
		{57243264-8548-49E3-A30A-0F906DC3F2F4}.Debug|iPhoneSimulator.Build.0 = Debug|Any CPU
		{57243264-8548-49E3-A30A-0F906DC3F2F4}.Release|iPhone.ActiveCfg = Release|Any CPU
		{57243264-8548-49E3-A30A-0F906DC3F2F4}.Release|iPhone.Build.0 = Release|Any CPU
		{57243264-8548-49E3-A30A-0F906DC3F2F4}.Release|iPhoneSimulator.ActiveCfg = Release|Any CPU
		{57243264-8548-49E3-A30A-0F906DC3F2F4}.Release|iPhoneSimulator.Build.0 = Release|Any CPU
		{57243264-8548-49E3-A30A-0F906DC3F2F4}.Debug|iPhone.ActiveCfg = Debug|Any CPU
		{57243264-8548-49E3-A30A-0F906DC3F2F4}.Debug|iPhone.Build.0 = Debug|Any CPU
		{0D7F561E-E8FC-4478-9C8A-0890346B973F}.Debug|Any CPU.ActiveCfg = Debug|iPhoneSimulator
		{0D7F561E-E8FC-4478-9C8A-0890346B973F}.Debug|Any CPU.Build.0 = Debug|iPhoneSimulator
		{0D7F561E-E8FC-4478-9C8A-0890346B973F}.Release|Any CPU.ActiveCfg = Release|iPhone
		{0D7F561E-E8FC-4478-9C8A-0890346B973F}.Release|Any CPU.Build.0 = Release|iPhone
		{0D7F561E-E8FC-4478-9C8A-0890346B973F}.Debug|iPhoneSimulator.ActiveCfg = Debug|iPhoneSimulator
		{0D7F561E-E8FC-4478-9C8A-0890346B973F}.Debug|iPhoneSimulator.Build.0 = Debug|iPhoneSimulator
		{0D7F561E-E8FC-4478-9C8A-0890346B973F}.Release|iPhone.ActiveCfg = Release|iPhone
		{0D7F561E-E8FC-4478-9C8A-0890346B973F}.Release|iPhone.Build.0 = Release|iPhone
		{0D7F561E-E8FC-4478-9C8A-0890346B973F}.Release|iPhoneSimulator.ActiveCfg = Release|iPhoneSimulator
		{0D7F561E-E8FC-4478-9C8A-0890346B973F}.Release|iPhoneSimulator.Build.0 = Release|iPhoneSimulator
		{0D7F561E-E8FC-4478-9C8A-0890346B973F}.Debug|iPhone.ActiveCfg = Debug|iPhone
		{0D7F561E-E8FC-4478-9C8A-0890346B973F}.Debug|iPhone.Build.0 = Debug|iPhone
	EndGlobalSection
EndGlobal
